// !$*UTF8*$!
{
	archiveVersion = 1;
	classes = {
	};
	objectVersion = 56;
	objects = {

/* Begin PBXBuildFile section */
		2C42556F299BDE8A004F9D28 /* Gamepad.swift in Sources */ = {isa = PBXBuildFile; fileRef = 2C42556E299BDE8A004F9D28 /* Gamepad.swift */; };
		2C4B109229ABA7C90003E80F /* MainViewModel.swift in Sources */ = {isa = PBXBuildFile; fileRef = 2C4B109129ABA7C90003E80F /* MainViewModel.swift */; };
		2CB413E12959B437009B0D13 /* AddView.swift in Sources */ = {isa = PBXBuildFile; fileRef = 2CB413E02959B437009B0D13 /* AddView.swift */; };
		2CB413E32959B485009B0D13 /* CartView.swift in Sources */ = {isa = PBXBuildFile; fileRef = 2CB413E22959B485009B0D13 /* CartView.swift */; };
		2CB413E52959B4A6009B0D13 /* FavoritesView.swift in Sources */ = {isa = PBXBuildFile; fileRef = 2CB413E42959B4A6009B0D13 /* FavoritesView.swift */; };
		2CB413E72959B4CB009B0D13 /* OrdersView.swift in Sources */ = {isa = PBXBuildFile; fileRef = 2CB413E62959B4CB009B0D13 /* OrdersView.swift */; };
		2CB413EA2959C0D8009B0D13 /* MainBackground.swift in Sources */ = {isa = PBXBuildFile; fileRef = 2CB413E92959C0D8009B0D13 /* MainBackground.swift */; };
		2CB413EC2959C39D009B0D13 /* MainView.swift in Sources */ = {isa = PBXBuildFile; fileRef = 2CB413EB2959C39D009B0D13 /* MainView.swift */; };
		2CBB25892955F1570013DD60 /* StoreViewApp.swift in Sources */ = {isa = PBXBuildFile; fileRef = 2CBB25882955F1570013DD60 /* StoreViewApp.swift */; };
		2CBB258B2955F1570013DD60 /* StoreView.swift in Sources */ = {isa = PBXBuildFile; fileRef = 2CBB258A2955F1570013DD60 /* StoreView.swift */; };
		2CBB258D2955F1590013DD60 /* Assets.xcassets in Resources */ = {isa = PBXBuildFile; fileRef = 2CBB258C2955F1590013DD60 /* Assets.xcassets */; };
		2CBB25902955F1590013DD60 /* Preview Assets.xcassets in Resources */ = {isa = PBXBuildFile; fileRef = 2CBB258F2955F1590013DD60 /* Preview Assets.xcassets */; };
		2CC9F79129AE5F20001B609A /* BackButton.swift in Sources */ = {isa = PBXBuildFile; fileRef = 2CC9F79029AE5F20001B609A /* BackButton.swift */; };
		2CC9F79329AE6C7C001B609A /* Views.swift in Sources */ = {isa = PBXBuildFile; fileRef = 2CC9F79229AE6C7C001B609A /* Views.swift */; };
/* End PBXBuildFile section */

/* Begin PBXFileReference section */
		2C42556E299BDE8A004F9D28 /* Gamepad.swift */ = {isa = PBXFileReference; lastKnownFileType = sourcecode.swift; path = Gamepad.swift; sourceTree = "<group>"; };
		2C425570299BE068004F9D28 /* Info.plist */ = {isa = PBXFileReference; lastKnownFileType = text.plist; path = Info.plist; sourceTree = "<group>"; };
		2C4B109129ABA7C90003E80F /* MainViewModel.swift */ = {isa = PBXFileReference; lastKnownFileType = sourcecode.swift; path = MainViewModel.swift; sourceTree = "<group>"; };
		2CB413E02959B437009B0D13 /* AddView.swift */ = {isa = PBXFileReference; lastKnownFileType = sourcecode.swift; path = AddView.swift; sourceTree = "<group>"; };
		2CB413E22959B485009B0D13 /* CartView.swift */ = {isa = PBXFileReference; lastKnownFileType = sourcecode.swift; path = CartView.swift; sourceTree = "<group>"; };
		2CB413E42959B4A6009B0D13 /* FavoritesView.swift */ = {isa = PBXFileReference; lastKnownFileType = sourcecode.swift; path = FavoritesView.swift; sourceTree = "<group>"; };
		2CB413E62959B4CB009B0D13 /* OrdersView.swift */ = {isa = PBXFileReference; lastKnownFileType = sourcecode.swift; path = OrdersView.swift; sourceTree = "<group>"; };
		2CB413E92959C0D8009B0D13 /* MainBackground.swift */ = {isa = PBXFileReference; lastKnownFileType = sourcecode.swift; path = MainBackground.swift; sourceTree = "<group>"; };
		2CB413EB2959C39D009B0D13 /* MainView.swift */ = {isa = PBXFileReference; lastKnownFileType = sourcecode.swift; path = MainView.swift; sourceTree = "<group>"; };
		2CBB25852955F1570013DD60 /* StoreView.app */ = {isa = PBXFileReference; explicitFileType = wrapper.application; includeInIndex = 0; path = StoreView.app; sourceTree = BUILT_PRODUCTS_DIR; };
		2CBB25882955F1570013DD60 /* StoreViewApp.swift */ = {isa = PBXFileReference; lastKnownFileType = sourcecode.swift; path = StoreViewApp.swift; sourceTree = "<group>"; };
		2CBB258A2955F1570013DD60 /* StoreView.swift */ = {isa = PBXFileReference; lastKnownFileType = sourcecode.swift; path = StoreView.swift; sourceTree = "<group>"; };
		2CBB258C2955F1590013DD60 /* Assets.xcassets */ = {isa = PBXFileReference; lastKnownFileType = folder.assetcatalog; path = Assets.xcassets; sourceTree = "<group>"; };
		2CBB258F2955F1590013DD60 /* Preview Assets.xcassets */ = {isa = PBXFileReference; lastKnownFileType = folder.assetcatalog; path = "Preview Assets.xcassets"; sourceTree = "<group>"; };
		2CC9F79029AE5F20001B609A /* BackButton.swift */ = {isa = PBXFileReference; lastKnownFileType = sourcecode.swift; path = BackButton.swift; sourceTree = "<group>"; };
		2CC9F79229AE6C7C001B609A /* Views.swift */ = {isa = PBXFileReference; lastKnownFileType = sourcecode.swift; path = Views.swift; sourceTree = "<group>"; };
/* End PBXFileReference section */

/* Begin PBXFrameworksBuildPhase section */
		2CBB25822955F1570013DD60 /* Frameworks */ = {
			isa = PBXFrameworksBuildPhase;
			buildActionMask = 2147483647;
			files = (
			);
			runOnlyForDeploymentPostprocessing = 0;
		};
/* End PBXFrameworksBuildPhase section */

/* Begin PBXGroup section */
		2C42556B299BDDD5004F9D28 /* Components */ = {
			isa = PBXGroup;
			children = (
				2CC9F79229AE6C7C001B609A /* Views.swift */,
				2CB413E92959C0D8009B0D13 /* MainBackground.swift */,
				2C42556E299BDE8A004F9D28 /* Gamepad.swift */,
				2CC9F79029AE5F20001B609A /* BackButton.swift */,
			);
			path = Components;
			sourceTree = "<group>";
		};
		2C4B109329ABA7D40003E80F /* ViewModel */ = {
			isa = PBXGroup;
			children = (
				2C4B109129ABA7C90003E80F /* MainViewModel.swift */,
			);
			path = ViewModel;
			sourceTree = "<group>";
		};
		2CB413E82959B4FD009B0D13 /* View */ = {
			isa = PBXGroup;
			children = (
				2CBB258A2955F1570013DD60 /* StoreView.swift */,
				2CB413EB2959C39D009B0D13 /* MainView.swift */,
				2CB413E02959B437009B0D13 /* AddView.swift */,
				2CB413E22959B485009B0D13 /* CartView.swift */,
				2CB413E42959B4A6009B0D13 /* FavoritesView.swift */,
				2CB413E62959B4CB009B0D13 /* OrdersView.swift */,
			);
			path = View;
			sourceTree = "<group>";
		};
		2CBB257C2955F1570013DD60 = {
			isa = PBXGroup;
			children = (
				2CBB25872955F1570013DD60 /* StoreView */,
				2CBB25862955F1570013DD60 /* Products */,
			);
			sourceTree = "<group>";
		};
		2CBB25862955F1570013DD60 /* Products */ = {
			isa = PBXGroup;
			children = (
				2CBB25852955F1570013DD60 /* StoreView.app */,
			);
			name = Products;
			sourceTree = "<group>";
		};
		2CBB25872955F1570013DD60 /* StoreView */ = {
			isa = PBXGroup;
			children = (
				2CBB25882955F1570013DD60 /* StoreViewApp.swift */,
				2CB413E82959B4FD009B0D13 /* View */,
				2C4B109329ABA7D40003E80F /* ViewModel */,
				2C42556B299BDDD5004F9D28 /* Components */,
				2CBB258E2955F1590013DD60 /* Preview Content */,
				2CBB258C2955F1590013DD60 /* Assets.xcassets */,
				2C425570299BE068004F9D28 /* Info.plist */,
			);
			path = StoreView;
			sourceTree = "<group>";
		};
		2CBB258E2955F1590013DD60 /* Preview Content */ = {
			isa = PBXGroup;
			children = (
				2CBB258F2955F1590013DD60 /* Preview Assets.xcassets */,
			);
			path = "Preview Content";
			sourceTree = "<group>";
		};
/* End PBXGroup section */

/* Begin PBXNativeTarget section */
		2CBB25842955F1570013DD60 /* StoreView */ = {
			isa = PBXNativeTarget;
			buildConfigurationList = 2CBB25932955F1590013DD60 /* Build configuration list for PBXNativeTarget "StoreView" */;
			buildPhases = (
				2CBB25812955F1570013DD60 /* Sources */,
				2CBB25822955F1570013DD60 /* Frameworks */,
				2CBB25832955F1570013DD60 /* Resources */,
			);
			buildRules = (
			);
			dependencies = (
			);
			name = StoreView;
			productName = StoreView;
			productReference = 2CBB25852955F1570013DD60 /* StoreView.app */;
			productType = "com.apple.product-type.application";
		};
/* End PBXNativeTarget section */

/* Begin PBXProject section */
		2CBB257D2955F1570013DD60 /* Project object */ = {
			isa = PBXProject;
			attributes = {
				BuildIndependentTargetsInParallel = 1;
				LastSwiftUpdateCheck = 1410;
				LastUpgradeCheck = 1410;
				TargetAttributes = {
					2CBB25842955F1570013DD60 = {
						CreatedOnToolsVersion = 14.1;
					};
				};
			};
			buildConfigurationList = 2CBB25802955F1570013DD60 /* Build configuration list for PBXProject "StoreView" */;
			compatibilityVersion = "Xcode 14.0";
			developmentRegion = en;
			hasScannedForEncodings = 0;
			knownRegions = (
				en,
				Base,
			);
			mainGroup = 2CBB257C2955F1570013DD60;
			productRefGroup = 2CBB25862955F1570013DD60 /* Products */;
			projectDirPath = "";
			projectRoot = "";
			targets = (
				2CBB25842955F1570013DD60 /* StoreView */,
			);
		};
/* End PBXProject section */

/* Begin PBXResourcesBuildPhase section */
		2CBB25832955F1570013DD60 /* Resources */ = {
			isa = PBXResourcesBuildPhase;
			buildActionMask = 2147483647;
			files = (
				2CBB25902955F1590013DD60 /* Preview Assets.xcassets in Resources */,
				2CBB258D2955F1590013DD60 /* Assets.xcassets in Resources */,
			);
			runOnlyForDeploymentPostprocessing = 0;
		};
/* End PBXResourcesBuildPhase section */

/* Begin PBXSourcesBuildPhase section */
		2CBB25812955F1570013DD60 /* Sources */ = {
			isa = PBXSourcesBuildPhase;
			buildActionMask = 2147483647;
			files = (
				2CB413E72959B4CB009B0D13 /* OrdersView.swift in Sources */,
				2CB413E52959B4A6009B0D13 /* FavoritesView.swift in Sources */,
				2CC9F79129AE5F20001B609A /* BackButton.swift in Sources */,
				2CB413E12959B437009B0D13 /* AddView.swift in Sources */,
				2CB413E32959B485009B0D13 /* CartView.swift in Sources */,
				2C42556F299BDE8A004F9D28 /* Gamepad.swift in Sources */,
				2C4B109229ABA7C90003E80F /* MainViewModel.swift in Sources */,
				2CB413EC2959C39D009B0D13 /* MainView.swift in Sources */,
				2CC9F79329AE6C7C001B609A /* Views.swift in Sources */,
				2CB413EA2959C0D8009B0D13 /* MainBackground.swift in Sources */,
				2CBB258B2955F1570013DD60 /* StoreView.swift in Sources */,
				2CBB25892955F1570013DD60 /* StoreViewApp.swift in Sources */,
			);
			runOnlyForDeploymentPostprocessing = 0;
		};
/* End PBXSourcesBuildPhase section */

/* Begin XCBuildConfiguration section */
		2CBB25912955F1590013DD60 /* Debug */ = {
			isa = XCBuildConfiguration;
			buildSettings = {
				ALWAYS_SEARCH_USER_PATHS = NO;
				CLANG_ANALYZER_NONNULL = YES;
				CLANG_ANALYZER_NUMBER_OBJECT_CONVERSION = YES_AGGRESSIVE;
				CLANG_CXX_LANGUAGE_STANDARD = "gnu++20";
				CLANG_ENABLE_MODULES = YES;
				CLANG_ENABLE_OBJC_ARC = YES;
				CLANG_ENABLE_OBJC_WEAK = YES;
				CLANG_WARN_BLOCK_CAPTURE_AUTORELEASING = YES;
				CLANG_WARN_BOOL_CONVERSION = YES;
				CLANG_WARN_COMMA = YES;
				CLANG_WARN_CONSTANT_CONVERSION = YES;
				CLANG_WARN_DEPRECATED_OBJC_IMPLEMENTATIONS = YES;
				CLANG_WARN_DIRECT_OBJC_ISA_USAGE = YES_ERROR;
				CLANG_WARN_DOCUMENTATION_COMMENTS = YES;
				CLANG_WARN_EMPTY_BODY = YES;
				CLANG_WARN_ENUM_CONVERSION = YES;
				CLANG_WARN_INFINITE_RECURSION = YES;
				CLANG_WARN_INT_CONVERSION = YES;
				CLANG_WARN_NON_LITERAL_NULL_CONVERSION = YES;
				CLANG_WARN_OBJC_IMPLICIT_RETAIN_SELF = YES;
				CLANG_WARN_OBJC_LITERAL_CONVERSION = YES;
				CLANG_WARN_OBJC_ROOT_CLASS = YES_ERROR;
				CLANG_WARN_QUOTED_INCLUDE_IN_FRAMEWORK_HEADER = YES;
				CLANG_WARN_RANGE_LOOP_ANALYSIS = YES;
				CLANG_WARN_STRICT_PROTOTYPES = YES;
				CLANG_WARN_SUSPICIOUS_MOVE = YES;
				CLANG_WARN_UNGUARDED_AVAILABILITY = YES_AGGRESSIVE;
				CLANG_WARN_UNREACHABLE_CODE = YES;
				CLANG_WARN__DUPLICATE_METHOD_MATCH = YES;
				COPY_PHASE_STRIP = NO;
				DEBUG_INFORMATION_FORMAT = dwarf;
				ENABLE_STRICT_OBJC_MSGSEND = YES;
				ENABLE_TESTABILITY = YES;
				GCC_C_LANGUAGE_STANDARD = gnu11;
				GCC_DYNAMIC_NO_PIC = NO;
				GCC_NO_COMMON_BLOCKS = YES;
				GCC_OPTIMIZATION_LEVEL = 0;
				GCC_PREPROCESSOR_DEFINITIONS = (
					"DEBUG=1",
					"$(inherited)",
				);
				GCC_WARN_64_TO_32_BIT_CONVERSION = YES;
				GCC_WARN_ABOUT_RETURN_TYPE = YES_ERROR;
				GCC_WARN_UNDECLARED_SELECTOR = YES;
				GCC_WARN_UNINITIALIZED_AUTOS = YES_AGGRESSIVE;
				GCC_WARN_UNUSED_FUNCTION = YES;
				GCC_WARN_UNUSED_VARIABLE = YES;
				IPHONEOS_DEPLOYMENT_TARGET = 16.1;
				MTL_ENABLE_DEBUG_INFO = INCLUDE_SOURCE;
				MTL_FAST_MATH = YES;
				ONLY_ACTIVE_ARCH = YES;
				SDKROOT = iphoneos;
				SWIFT_ACTIVE_COMPILATION_CONDITIONS = DEBUG;
				SWIFT_OPTIMIZATION_LEVEL = "-Onone";
			};
			name = Debug;
		};
		2CBB25922955F1590013DD60 /* Release */ = {
			isa = XCBuildConfiguration;
			buildSettings = {
				ALWAYS_SEARCH_USER_PATHS = NO;
				CLANG_ANALYZER_NONNULL = YES;
				CLANG_ANALYZER_NUMBER_OBJECT_CONVERSION = YES_AGGRESSIVE;
				CLANG_CXX_LANGUAGE_STANDARD = "gnu++20";
				CLANG_ENABLE_MODULES = YES;
				CLANG_ENABLE_OBJC_ARC = YES;
				CLANG_ENABLE_OBJC_WEAK = YES;
				CLANG_WARN_BLOCK_CAPTURE_AUTORELEASING = YES;
				CLANG_WARN_BOOL_CONVERSION = YES;
				CLANG_WARN_COMMA = YES;
				CLANG_WARN_CONSTANT_CONVERSION = YES;
				CLANG_WARN_DEPRECATED_OBJC_IMPLEMENTATIONS = YES;
				CLANG_WARN_DIRECT_OBJC_ISA_USAGE = YES_ERROR;
				CLANG_WARN_DOCUMENTATION_COMMENTS = YES;
				CLANG_WARN_EMPTY_BODY = YES;
				CLANG_WARN_ENUM_CONVERSION = YES;
				CLANG_WARN_INFINITE_RECURSION = YES;
				CLANG_WARN_INT_CONVERSION = YES;
				CLANG_WARN_NON_LITERAL_NULL_CONVERSION = YES;
				CLANG_WARN_OBJC_IMPLICIT_RETAIN_SELF = YES;
				CLANG_WARN_OBJC_LITERAL_CONVERSION = YES;
				CLANG_WARN_OBJC_ROOT_CLASS = YES_ERROR;
				CLANG_WARN_QUOTED_INCLUDE_IN_FRAMEWORK_HEADER = YES;
				CLANG_WARN_RANGE_LOOP_ANALYSIS = YES;
				CLANG_WARN_STRICT_PROTOTYPES = YES;
				CLANG_WARN_SUSPICIOUS_MOVE = YES;
				CLANG_WARN_UNGUARDED_AVAILABILITY = YES_AGGRESSIVE;
				CLANG_WARN_UNREACHABLE_CODE = YES;
				CLANG_WARN__DUPLICATE_METHOD_MATCH = YES;
				COPY_PHASE_STRIP = NO;
				DEBUG_INFORMATION_FORMAT = "dwarf-with-dsym";
				ENABLE_NS_ASSERTIONS = NO;
				ENABLE_STRICT_OBJC_MSGSEND = YES;
				GCC_C_LANGUAGE_STANDARD = gnu11;
				GCC_NO_COMMON_BLOCKS = YES;
				GCC_WARN_64_TO_32_BIT_CONVERSION = YES;
				GCC_WARN_ABOUT_RETURN_TYPE = YES_ERROR;
				GCC_WARN_UNDECLARED_SELECTOR = YES;
				GCC_WARN_UNINITIALIZED_AUTOS = YES_AGGRESSIVE;
				GCC_WARN_UNUSED_FUNCTION = YES;
				GCC_WARN_UNUSED_VARIABLE = YES;
				IPHONEOS_DEPLOYMENT_TARGET = 16.1;
				MTL_ENABLE_DEBUG_INFO = NO;
				MTL_FAST_MATH = YES;
				SDKROOT = iphoneos;
				SWIFT_COMPILATION_MODE = wholemodule;
				SWIFT_OPTIMIZATION_LEVEL = "-O";
				VALIDATE_PRODUCT = YES;
			};
			name = Release;
		};
		2CBB25942955F1590013DD60 /* Debug */ = {
			isa = XCBuildConfiguration;
			buildSettings = {
				ASSETCATALOG_COMPILER_APPICON_NAME = AppIcon;
				ASSETCATALOG_COMPILER_GLOBAL_ACCENT_COLOR_NAME = AccentColor;
				CODE_SIGN_STYLE = Automatic;
				CURRENT_PROJECT_VERSION = 1;
				DEVELOPMENT_ASSET_PATHS = "\"StoreView/Preview Content\"";
				ENABLE_PREVIEWS = YES;
				GENERATE_INFOPLIST_FILE = YES;
				INFOPLIST_FILE = StoreView/Info.plist;
				INFOPLIST_KEY_UIApplicationSupportsIndirectInputEvents = YES;
				INFOPLIST_KEY_UILaunchScreen_Generation = YES;
				INFOPLIST_KEY_UISupportedInterfaceOrientations_iPad = "UIInterfaceOrientationPortrait UIInterfaceOrientationPortraitUpsideDown UIInterfaceOrientationLandscapeLeft UIInterfaceOrientationLandscapeRight";
				INFOPLIST_KEY_UISupportedInterfaceOrientations_iPhone = "UIInterfaceOrientationPortrait UIInterfaceOrientationLandscapeLeft UIInterfaceOrientationLandscapeRight";
				LD_RUNPATH_SEARCH_PATHS = (
					"$(inherited)",
					"@executable_path/Frameworks",
				);
				MARKETING_VERSION = 1.0;
				PRODUCT_BUNDLE_IDENTIFIER = Alex.StoreView;
				PRODUCT_NAME = "$(TARGET_NAME)";
				SWIFT_EMIT_LOC_STRINGS = YES;
				SWIFT_VERSION = 5.0;
				TARGETED_DEVICE_FAMILY = "1,2";
			};
			name = Debug;
		};
		2CBB25952955F1590013DD60 /* Release */ = {
			isa = XCBuildConfiguration;
			buildSettings = {
				ASSETCATALOG_COMPILER_APPICON_NAME = AppIcon;
				ASSETCATALOG_COMPILER_GLOBAL_ACCENT_COLOR_NAME = AccentColor;
				CODE_SIGN_STYLE = Automatic;
				CURRENT_PROJECT_VERSION = 1;
				DEVELOPMENT_ASSET_PATHS = "\"StoreView/Preview Content\"";
				ENABLE_PREVIEWS = YES;
				GENERATE_INFOPLIST_FILE = YES;
				INFOPLIST_FILE = StoreView/Info.plist;
				INFOPLIST_KEY_UIApplicationSupportsIndirectInputEvents = YES;
				INFOPLIST_KEY_UILaunchScreen_Generation = YES;
				INFOPLIST_KEY_UISupportedInterfaceOrientations_iPad = "UIInterfaceOrientationPortrait UIInterfaceOrientationPortraitUpsideDown UIInterfaceOrientationLandscapeLeft UIInterfaceOrientationLandscapeRight";
				INFOPLIST_KEY_UISupportedInterfaceOrientations_iPhone = "UIInterfaceOrientationPortrait UIInterfaceOrientationLandscapeLeft UIInterfaceOrientationLandscapeRight";
				LD_RUNPATH_SEARCH_PATHS = (
					"$(inherited)",
					"@executable_path/Frameworks",
				);
				MARKETING_VERSION = 1.0;
				PRODUCT_BUNDLE_IDENTIFIER = Alex.StoreView;
				PRODUCT_NAME = "$(TARGET_NAME)";
				SWIFT_EMIT_LOC_STRINGS = YES;
				SWIFT_VERSION = 5.0;
				TARGETED_DEVICE_FAMILY = "1,2";
			};
			name = Release;
		};
/* End XCBuildConfiguration section */

/* Begin XCConfigurationList section */
		2CBB25802955F1570013DD60 /* Build configuration list for PBXProject "StoreView" */ = {
			isa = XCConfigurationList;
			buildConfigurations = (
				2CBB25912955F1590013DD60 /* Debug */,
				2CBB25922955F1590013DD60 /* Release */,
			);
			defaultConfigurationIsVisible = 0;
			defaultConfigurationName = Release;
		};
		2CBB25932955F1590013DD60 /* Build configuration list for PBXNativeTarget "StoreView" */ = {
			isa = XCConfigurationList;
			buildConfigurations = (
				2CBB25942955F1590013DD60 /* Debug */,
				2CBB25952955F1590013DD60 /* Release */,
			);
			defaultConfigurationIsVisible = 0;
			defaultConfigurationName = Release;
		};
/* End XCConfigurationList section */
	};
	rootObject = 2CBB257D2955F1570013DD60 /* Project object */;
}
